
Microsoft Visual Studio Solution File, Format Version 12.00
# Visual Studio Version 17
VisualStudioVersion = 17.8.34316.72
MinimumVisualStudioVersion = 10.0.40219.1
Project("{9A19103F-16F7-4668-BE54-9A1E7A4F7556}") = "ByteBuoy.Domain", "src\ByteBuoy.Domain\ByteBuoy.Domain.csproj", "{833AAD9E-A386-44F3-91A4-A132DCF62D6E}"
EndProject
Project("{9A19103F-16F7-4668-BE54-9A1E7A4F7556}") = "ByteBuoy.Infrastructure.Data", "src\ByteBuoy.Infrastructure.Data\ByteBuoy.Infrastructure.Data.csproj", "{07D1B33A-4D7E-4BB6-96AE-8739EAC53E4A}"
EndProject
Project("{2150E333-8FDC-42A3-9474-1A3956D46DE8}") = "src", "src", "{07C4B61E-2221-48EE-9A66-2BFD997CCD5E}"
EndProject
Project("{9A19103F-16F7-4668-BE54-9A1E7A4F7556}") = "ByteBuoy.Infrastructure", "src\ByteBuoy.Infrastructure\ByteBuoy.Infrastructure.csproj", "{DA9F4FE1-79C4-499F-979E-783BC89D82AF}"
EndProject
Project("{2150E333-8FDC-42A3-9474-1A3956D46DE8}") = "References", "References", "{D81CE091-EEFE-4211-911C-96A8BA8A79E6}"
EndProject
Project("{9A19103F-16F7-4668-BE54-9A1E7A4F7556}") = "ByteBuoy.API.Tests", "test\ByteBuoy.API.Tests\ByteBuoy.API.Tests.csproj", "{96166AF0-F15E-463E-BDD4-D77F487BE454}"
EndProject
Project("{2150E333-8FDC-42A3-9474-1A3956D46DE8}") = "tests", "tests", "{BB73E2FD-1F55-42D6-9644-2F05A7C2A310}"
EndProject
Project("{9A19103F-16F7-4668-BE54-9A1E7A4F7556}") = "ByteBuoy.API", "src\ByteBuoy.API\ByteBuoy.API.csproj", "{4499E3AE-2AAA-44C4-9741-0A29B9C6BAAC}"
EndProject
Project("{9A19103F-16F7-4668-BE54-9A1E7A4F7556}") = "ByteBuoy.Generator.Blazor", "src\ByteBuoy.Generator.Blazor\ByteBuoy.Generator.Blazor.csproj", "{34639EA3-DD4A-49DA-9B80-9B9A75294695}"
EndProject
Project("{9A19103F-16F7-4668-BE54-9A1E7A4F7556}") = "ByteBuoy.Agent", "src\ByteBuoy.Agent\ByteBuoy.Agent.csproj", "{C7666C5C-E271-4B3D-B4F6-740CAB7BA4E5}"
EndProject
Project("{2150E333-8FDC-42A3-9474-1A3956D46DE8}") = "Solution Items", "Solution Items", "{B0C43E1A-0639-4F73-B8F6-2386FC17F385}"
	ProjectSection(SolutionItems) = preProject
		.editorconfig = .editorconfig
		.gitignore = .gitignore
	EndProjectSection
EndProject
Project("{9A19103F-16F7-4668-BE54-9A1E7A4F7556}") = "ByteBuoy.Application", "src\ByteBuoy.Application\ByteBuoy.Application\ByteBuoy.Application.csproj", "{E706206C-C902-4770-9107-663DBE52E657}"
EndProject
Project("{9A19103F-16F7-4668-BE54-9A1E7A4F7556}") = "ByteBuoy.Agent.Tests", "test\ByteBuoy.Agent.Tests\ByteBuoy.Agent.Tests.csproj", "{340DF401-4EC8-4331-BBB6-CEB2462E86BE}"
EndProject
Project("{FAE04EC0-301F-11D3-BF4B-00C04F79EFBC}") = "ByteBuoy.Core", "src\ByteBuoy.Core\ByteBuoy.Core.csproj", "{F7F37B36-362F-4EE9-B3BF-A53C9A2A8A5B}"
EndProject
Global
	GlobalSection(SolutionConfigurationPlatforms) = preSolution
		Debug|Any CPU = Debug|Any CPU
		Release|Any CPU = Release|Any CPU
	EndGlobalSection
	GlobalSection(ProjectConfigurationPlatforms) = postSolution
		{833AAD9E-A386-44F3-91A4-A132DCF62D6E}.Debug|Any CPU.ActiveCfg = Debug|Any CPU
		{833AAD9E-A386-44F3-91A4-A132DCF62D6E}.Debug|Any CPU.Build.0 = Debug|Any CPU
		{833AAD9E-A386-44F3-91A4-A132DCF62D6E}.Release|Any CPU.ActiveCfg = Release|Any CPU
		{833AAD9E-A386-44F3-91A4-A132DCF62D6E}.Release|Any CPU.Build.0 = Release|Any CPU
		{07D1B33A-4D7E-4BB6-96AE-8739EAC53E4A}.Debug|Any CPU.ActiveCfg = Debug|Any CPU
		{07D1B33A-4D7E-4BB6-96AE-8739EAC53E4A}.Debug|Any CPU.Build.0 = Debug|Any CPU
		{07D1B33A-4D7E-4BB6-96AE-8739EAC53E4A}.Release|Any CPU.ActiveCfg = Release|Any CPU
		{07D1B33A-4D7E-4BB6-96AE-8739EAC53E4A}.Release|Any CPU.Build.0 = Release|Any CPU
		{DA9F4FE1-79C4-499F-979E-783BC89D82AF}.Debug|Any CPU.ActiveCfg = Debug|Any CPU
		{DA9F4FE1-79C4-499F-979E-783BC89D82AF}.Debug|Any CPU.Build.0 = Debug|Any CPU
		{DA9F4FE1-79C4-499F-979E-783BC89D82AF}.Release|Any CPU.ActiveCfg = Release|Any CPU
		{DA9F4FE1-79C4-499F-979E-783BC89D82AF}.Release|Any CPU.Build.0 = Release|Any CPU
		{96166AF0-F15E-463E-BDD4-D77F487BE454}.Debug|Any CPU.ActiveCfg = Debug|Any CPU
		{96166AF0-F15E-463E-BDD4-D77F487BE454}.Debug|Any CPU.Build.0 = Debug|Any CPU
		{96166AF0-F15E-463E-BDD4-D77F487BE454}.Release|Any CPU.ActiveCfg = Release|Any CPU
		{96166AF0-F15E-463E-BDD4-D77F487BE454}.Release|Any CPU.Build.0 = Release|Any CPU
		{4499E3AE-2AAA-44C4-9741-0A29B9C6BAAC}.Debug|Any CPU.ActiveCfg = Debug|Any CPU
		{4499E3AE-2AAA-44C4-9741-0A29B9C6BAAC}.Debug|Any CPU.Build.0 = Debug|Any CPU
		{4499E3AE-2AAA-44C4-9741-0A29B9C6BAAC}.Release|Any CPU.ActiveCfg = Release|Any CPU
		{4499E3AE-2AAA-44C4-9741-0A29B9C6BAAC}.Release|Any CPU.Build.0 = Release|Any CPU
		{34639EA3-DD4A-49DA-9B80-9B9A75294695}.Debug|Any CPU.ActiveCfg = Debug|Any CPU
		{34639EA3-DD4A-49DA-9B80-9B9A75294695}.Debug|Any CPU.Build.0 = Debug|Any CPU
		{34639EA3-DD4A-49DA-9B80-9B9A75294695}.Release|Any CPU.ActiveCfg = Release|Any CPU
		{34639EA3-DD4A-49DA-9B80-9B9A75294695}.Release|Any CPU.Build.0 = Release|Any CPU
		{C7666C5C-E271-4B3D-B4F6-740CAB7BA4E5}.Debug|Any CPU.ActiveCfg = Debug|Any CPU
		{C7666C5C-E271-4B3D-B4F6-740CAB7BA4E5}.Debug|Any CPU.Build.0 = Debug|Any CPU
		{C7666C5C-E271-4B3D-B4F6-740CAB7BA4E5}.Release|Any CPU.ActiveCfg = Release|Any CPU
		{C7666C5C-E271-4B3D-B4F6-740CAB7BA4E5}.Release|Any CPU.Build.0 = Release|Any CPU
		{E706206C-C902-4770-9107-663DBE52E657}.Debug|Any CPU.ActiveCfg = Debug|Any CPU
		{E706206C-C902-4770-9107-663DBE52E657}.Debug|Any CPU.Build.0 = Debug|Any CPU
		{E706206C-C902-4770-9107-663DBE52E657}.Release|Any CPU.ActiveCfg = Release|Any CPU
		{E706206C-C902-4770-9107-663DBE52E657}.Release|Any CPU.Build.0 = Release|Any CPU
		{340DF401-4EC8-4331-BBB6-CEB2462E86BE}.Debug|Any CPU.ActiveCfg = Debug|Any CPU
		{340DF401-4EC8-4331-BBB6-CEB2462E86BE}.Debug|Any CPU.Build.0 = Debug|Any CPU
		{340DF401-4EC8-4331-BBB6-CEB2462E86BE}.Release|Any CPU.ActiveCfg = Release|Any CPU
		{340DF401-4EC8-4331-BBB6-CEB2462E86BE}.Release|Any CPU.Build.0 = Release|Any CPU
		{F7F37B36-362F-4EE9-B3BF-A53C9A2A8A5B}.Debug|Any CPU.ActiveCfg = Debug|Any CPU
		{F7F37B36-362F-4EE9-B3BF-A53C9A2A8A5B}.Debug|Any CPU.Build.0 = Debug|Any CPU
		{F7F37B36-362F-4EE9-B3BF-A53C9A2A8A5B}.Release|Any CPU.ActiveCfg = Release|Any CPU
		{F7F37B36-362F-4EE9-B3BF-A53C9A2A8A5B}.Release|Any CPU.Build.0 = Release|Any CPU
	EndGlobalSection
	GlobalSection(SolutionProperties) = preSolution
		HideSolutionNode = FALSE
	EndGlobalSection
	GlobalSection(NestedProjects) = preSolution
		{833AAD9E-A386-44F3-91A4-A132DCF62D6E} = {D81CE091-EEFE-4211-911C-96A8BA8A79E6}
		{07D1B33A-4D7E-4BB6-96AE-8739EAC53E4A} = {D81CE091-EEFE-4211-911C-96A8BA8A79E6}
		{DA9F4FE1-79C4-499F-979E-783BC89D82AF} = {D81CE091-EEFE-4211-911C-96A8BA8A79E6}
		{96166AF0-F15E-463E-BDD4-D77F487BE454} = {BB73E2FD-1F55-42D6-9644-2F05A7C2A310}
		{4499E3AE-2AAA-44C4-9741-0A29B9C6BAAC} = {D81CE091-EEFE-4211-911C-96A8BA8A79E6}
		{34639EA3-DD4A-49DA-9B80-9B9A75294695} = {D81CE091-EEFE-4211-911C-96A8BA8A79E6}
		{C7666C5C-E271-4B3D-B4F6-740CAB7BA4E5} = {07C4B61E-2221-48EE-9A66-2BFD997CCD5E}
		{E706206C-C902-4770-9107-663DBE52E657} = {D81CE091-EEFE-4211-911C-96A8BA8A79E6}
		{340DF401-4EC8-4331-BBB6-CEB2462E86BE} = {BB73E2FD-1F55-42D6-9644-2F05A7C2A310}
		{F7F37B36-362F-4EE9-B3BF-A53C9A2A8A5B} = {07C4B61E-2221-48EE-9A66-2BFD997CCD5E}
	EndGlobalSection
	GlobalSection(ExtensibilityGlobals) = postSolution
		SolutionGuid = {C09E56FD-2738-45FC-8232-1BACA828E7E4}
	EndGlobalSection
EndGlobal
